Microsoft Visual Studio Solution File, Format Version 12.00
# Visual Studio Version 17
VisualStudioVersion = 17.5.2.0
MinimumVisualStudioVersion = 10.0.40219.1
Project("{FAE04EC0-301F-11D3-BF4B-00C04F79EFBC}") = "NudgeMeAPI", "NudgeMeAPI\NudgeMeAPI.csproj", "{DEE9A76B-BC7E-3547-FCD5-018A34DBB577}"
EndProject
Global
	GlobalSection(SolutionConfigurationPlatforms) = preSolution
		Debug|Any CPU = Debug|Any CPU
		Release|Any CPU = Release|Any CPU
	EndGlobalSection
	GlobalSection(ProjectConfigurationPlatforms) = postSolution
		{DEE9A76B-BC7E-3547-FCD5-018A34DBB577}.Debug|Any CPU.ActiveCfg = Debug|Any CPU
		{DEE9A76B-BC7E-3547-FCD5-018A34DBB577}.Debug|Any CPU.Build.0 = Debug|Any CPU
		{DEE9A76B-BC7E-3547-FCD5-018A34DBB577}.Release|Any CPU.ActiveCfg = Release|Any CPU
		{DEE9A76B-BC7E-3547-FCD5-018A34DBB577}.Release|Any CPU.Build.0 = Release|Any CPU
	EndGlobalSection
	GlobalSection(SolutionProperties) = preSolution
		HideSolutionNode = FALSE
	EndGlobalSection
	GlobalSection(ExtensibilityGlobals) = postSolution
		SolutionGuid = {FB787012-D64D-4755-B632-CBC5BD622212}
	EndGlobalSection
EndGlobal
